
Microsoft Visual Studio Solution File, Format Version 12.00
# Visual Studio Version 16
VisualStudioVersion = 16.0.30320.27
MinimumVisualStudioVersion = 10.0.40219.1
Project("{FAE04EC0-301F-11D3-BF4B-00C04F79EFBC}") = "WPF Keyboard Trainer", "WPF Keyboard Trainer.csproj", "{320DEAF7-301D-451B-A180-E1414E8AE33E}"
EndProject
Global
	GlobalSection(SolutionConfigurationPlatforms) = preSolution
		Debug|Any CPU = Debug|Any CPU
		Release|Any CPU = Release|Any CPU
	EndGlobalSection
	GlobalSection(ProjectConfigurationPlatforms) = postSolution
		{320DEAF7-301D-451B-A180-E1414E8AE33E}.Debug|Any CPU.ActiveCfg = Debug|Any CPU
		{320DEAF7-301D-451B-A180-E1414E8AE33E}.Debug|Any CPU.Build.0 = Debug|Any CPU
		{320DEAF7-301D-451B-A180-E1414E8AE33E}.Release|Any CPU.ActiveCfg = Release|Any CPU
		{320DEAF7-301D-451B-A180-E1414E8AE33E}.Release|Any CPU.Build.0 = Release|Any CPU
	EndGlobalSection
	GlobalSection(SolutionProperties) = preSolution
		HideSolutionNode = FALSE
	EndGlobalSection
	GlobalSection(ExtensibilityGlobals) = postSolution
		SolutionGuid = {B0C192C4-20B2-4811-9DD0-DB73BED1BB30}
	EndGlobalSection
EndGlobal
